// !$*UTF8*$!
{
	archiveVersion = 1;
	classes = {
	};
	objectVersion = 46;
	objects = {

/* Begin PBXBuildFile section */
		8ECB7BF81C98EBDD00A5F281 /* main.m in Sources */ = {isa = PBXBuildFile; fileRef = 8ECB7BF71C98EBDD00A5F281 /* main.m */; };
		8ECB7BFB1C98EBDD00A5F281 /* AppDelegate.m in Sources */ = {isa = PBXBuildFile; fileRef = 8ECB7BFA1C98EBDD00A5F281 /* AppDelegate.m */; };
		8ECB7BFE1C98EBDD00A5F281 /* ViewController.m in Sources */ = {isa = PBXBuildFile; fileRef = 8ECB7BFD1C98EBDD00A5F281 /* ViewController.m */; };
		8ECB7C011C98EBDD00A5F281 /* Main.storyboard in Resources */ = {isa = PBXBuildFile; fileRef = 8ECB7BFF1C98EBDD00A5F281 /* Main.storyboard */; };
		8ECB7C041C98EBDD00A5F281 /* todayExtension.xcdatamodeld in Sources */ = {isa = PBXBuildFile; fileRef = 8ECB7C021C98EBDD00A5F281 /* todayExtension.xcdatamodeld */; };
		8ECB7C061C98EBDD00A5F281 /* Assets.xcassets in Resources */ = {isa = PBXBuildFile; fileRef = 8ECB7C051C98EBDD00A5F281 /* Assets.xcassets */; };
		8ECB7C091C98EBDD00A5F281 /* LaunchScreen.storyboard in Resources */ = {isa = PBXBuildFile; fileRef = 8ECB7C071C98EBDD00A5F281 /* LaunchScreen.storyboard */; };
		8ECB7C141C98EBDD00A5F281 /* todayExtensionTests.m in Sources */ = {isa = PBXBuildFile; fileRef = 8ECB7C131C98EBDD00A5F281 /* todayExtensionTests.m */; };
		8ECB7C1F1C98EBDD00A5F281 /* todayExtensionUITests.m in Sources */ = {isa = PBXBuildFile; fileRef = 8ECB7C1E1C98EBDD00A5F281 /* todayExtensionUITests.m */; };
/* End PBXBuildFile section */

/* Begin PBXContainerItemProxy section */
		8ECB7C101C98EBDD00A5F281 /* PBXContainerItemProxy */ = {
			isa = PBXContainerItemProxy;
			containerPortal = 8ECB7BEB1C98EBDD00A5F281 /* Project object */;
			proxyType = 1;
			remoteGlobalIDString = 8ECB7BF21C98EBDD00A5F281;
			remoteInfo = todayExtension;
		};
		8ECB7C1B1C98EBDD00A5F281 /* PBXContainerItemProxy */ = {
			isa = PBXContainerItemProxy;
			containerPortal = 8ECB7BEB1C98EBDD00A5F281 /* Project object */;
			proxyType = 1;
			remoteGlobalIDString = 8ECB7BF21C98EBDD00A5F281;
			remoteInfo = todayExtension;
		};
/* End PBXContainerItemProxy section */

/* Begin PBXFileReference section */
		8ECB7BF31C98EBDD00A5F281 /* todayExtension.app */ = {isa = PBXFileReference; explicitFileType = wrapper.application; includeInIndex = 0; path = todayExtension.app; sourceTree = BUILT_PRODUCTS_DIR; };
		8ECB7BF71C98EBDD00A5F281 /* main.m */ = {isa = PBXFileReference; lastKnownFileType = sourcecode.c.objc; path = main.m; sourceTree = "<group>"; };
		8ECB7BF91C98EBDD00A5F281 /* AppDelegate.h */ = {isa = PBXFileReference; lastKnownFileType = sourcecode.c.h; path = AppDelegate.h; sourceTree = "<group>"; };
		8ECB7BFA1C98EBDD00A5F281 /* AppDelegate.m */ = {isa = PBXFileReference; lastKnownFileType = sourcecode.c.objc; path = AppDelegate.m; sourceTree = "<group>"; };
		8ECB7BFC1C98EBDD00A5F281 /* ViewController.h */ = {isa = PBXFileReference; lastKnownFileType = sourcecode.c.h; path = ViewController.h; sourceTree = "<group>"; };
		8ECB7BFD1C98EBDD00A5F281 /* ViewController.m */ = {isa = PBXFileReference; lastKnownFileType = sourcecode.c.objc; path = ViewController.m; sourceTree = "<group>"; };
		8ECB7C001C98EBDD00A5F281 /* Base */ = {isa = PBXFileReference; lastKnownFileType = file.storyboard; name = Base; path = Base.lproj/Main.storyboard; sourceTree = "<group>"; };
		8ECB7C031C98EBDD00A5F281 /* todayExtension.xcdatamodel */ = {isa = PBXFileReference; lastKnownFileType = wrapper.xcdatamodel; path = todayExtension.xcdatamodel; sourceTree = "<group>"; };
		8ECB7C051C98EBDD00A5F281 /* Assets.xcassets */ = {isa = PBXFileReference; lastKnownFileType = folder.assetcatalog; path = Assets.xcassets; sourceTree = "<group>"; };
		8ECB7C081C98EBDD00A5F281 /* Base */ = {isa = PBXFileReference; lastKnownFileType = file.storyboard; name = Base; path = Base.lproj/LaunchScreen.storyboard; sourceTree = "<group>"; };
		8ECB7C0A1C98EBDD00A5F281 /* Info.plist */ = {isa = PBXFileReference; lastKnownFileType = text.plist.xml; path = Info.plist; sourceTree = "<group>"; };
		8ECB7C0F1C98EBDD00A5F281 /* todayExtensionTests.xctest */ = {isa = PBXFileReference; explicitFileType = wrapper.cfbundle; includeInIndex = 0; path = todayExtensionTests.xctest; sourceTree = BUILT_PRODUCTS_DIR; };
		8ECB7C131C98EBDD00A5F281 /* todayExtensionTests.m */ = {isa = PBXFileReference; lastKnownFileType = sourcecode.c.objc; path = todayExtensionTests.m; sourceTree = "<group>"; };
		8ECB7C151C98EBDD00A5F281 /* Info.plist */ = {isa = PBXFileReference; lastKnownFileType = text.plist.xml; path = Info.plist; sourceTree = "<group>"; };
		8ECB7C1A1C98EBDD00A5F281 /* todayExtensionUITests.xctest */ = {isa = PBXFileReference; explicitFileType = wrapper.cfbundle; includeInIndex = 0; path = todayExtensionUITests.xctest; sourceTree = BUILT_PRODUCTS_DIR; };
		8ECB7C1E1C98EBDD00A5F281 /* todayExtensionUITests.m */ = {isa = PBXFileReference; lastKnownFileType = sourcecode.c.objc; path = todayExtensionUITests.m; sourceTree = "<group>"; };
		8ECB7C201C98EBDD00A5F281 /* Info.plist */ = {isa = PBXFileReference; lastKnownFileType = text.plist.xml; path = Info.plist; sourceTree = "<group>"; };
/* End PBXFileReference section */

/* Begin PBXFrameworksBuildPhase section */
		8ECB7BF01C98EBDD00A5F281 /* Frameworks */ = {
			isa = PBXFrameworksBuildPhase;
			buildActionMask = 2147483647;
			files = (
			);
			runOnlyForDeploymentPostprocessing = 0;
		};
		8ECB7C0C1C98EBDD00A5F281 /* Frameworks */ = {
			isa = PBXFrameworksBuildPhase;
			buildActionMask = 2147483647;
			files = (
			);
			runOnlyForDeploymentPostprocessing = 0;
		};
		8ECB7C171C98EBDD00A5F281 /* Frameworks */ = {
			isa = PBXFrameworksBuildPhase;
			buildActionMask = 2147483647;
			files = (
			);
			runOnlyForDeploymentPostprocessing = 0;
		};
/* End PBXFrameworksBuildPhase section */

/* Begin PBXGroup section */
		8ECB7BEA1C98EBDD00A5F281 = {
			isa = PBXGroup;
			children = (
				8ECB7BF51C98EBDD00A5F281 /* todayExtension */,
				8ECB7C121C98EBDD00A5F281 /* todayExtensionTests */,
				8ECB7C1D1C98EBDD00A5F281 /* todayExtensionUITests */,
				8ECB7BF41C98EBDD00A5F281 /* Products */,
			);
			sourceTree = "<group>";
		};
		8ECB7BF41C98EBDD00A5F281 /* Products */ = {
			isa = PBXGroup;
			children = (
				8ECB7BF31C98EBDD00A5F281 /* todayExtension.app */,
				8ECB7C0F1C98EBDD00A5F281 /* todayExtensionTests.xctest */,
				8ECB7C1A1C98EBDD00A5F281 /* todayExtensionUITests.xctest */,
			);
			name = Products;
			sourceTree = "<group>";
		};
		8ECB7BF51C98EBDD00A5F281 /* todayExtension */ = {
			isa = PBXGroup;
			children = (
				8ECB7BF91C98EBDD00A5F281 /* AppDelegate.h */,
				8ECB7BFA1C98EBDD00A5F281 /* AppDelegate.m */,
				8ECB7BFC1C98EBDD00A5F281 /* ViewController.h */,
				8ECB7BFD1C98EBDD00A5F281 /* ViewController.m */,
				8ECB7BFF1C98EBDD00A5F281 /* Main.storyboard */,
				8ECB7C051C98EBDD00A5F281 /* Assets.xcassets */,
				8ECB7C071C98EBDD00A5F281 /* LaunchScreen.storyboard */,
				8ECB7C0A1C98EBDD00A5F281 /* Info.plist */,
				8ECB7C021C98EBDD00A5F281 /* todayExtension.xcdatamodeld */,
				8ECB7BF61C98EBDD00A5F281 /* Supporting Files */,
			);
			path = todayExtension;
			sourceTree = "<group>";
		};
		8ECB7BF61C98EBDD00A5F281 /* Supporting Files */ = {
			isa = PBXGroup;
			children = (
				8ECB7BF71C98EBDD00A5F281 /* main.m */,
			);
			name = "Supporting Files";
			sourceTree = "<group>";
		};
		8ECB7C121C98EBDD00A5F281 /* todayExtensionTests */ = {
			isa = PBXGroup;
			children = (
				8ECB7C131C98EBDD00A5F281 /* todayExtensionTests.m */,
				8ECB7C151C98EBDD00A5F281 /* Info.plist */,
			);
			path = todayExtensionTests;
			sourceTree = "<group>";
		};
		8ECB7C1D1C98EBDD00A5F281 /* todayExtensionUITests */ = {
			isa = PBXGroup;
			children = (
				8ECB7C1E1C98EBDD00A5F281 /* todayExtensionUITests.m */,
				8ECB7C201C98EBDD00A5F281 /* Info.plist */,
			);
			path = todayExtensionUITests;
			sourceTree = "<group>";
		};
/* End PBXGroup section */

/* Begin PBXNativeTarget section */
		8ECB7BF21C98EBDD00A5F281 /* todayExtension */ = {
			isa = PBXNativeTarget;
			buildConfigurationList = 8ECB7C231C98EBDD00A5F281 /* Build configuration list for PBXNativeTarget "todayExtension" */;
			buildPhases = (
				8ECB7BEF1C98EBDD00A5F281 /* Sources */,
				8ECB7BF01C98EBDD00A5F281 /* Frameworks */,
				8ECB7BF11C98EBDD00A5F281 /* Resources */,
			);
			buildRules = (
			);
			dependencies = (
			);
			name = todayExtension;
			productName = todayExtension;
			productReference = 8ECB7BF31C98EBDD00A5F281 /* todayExtension.app */;
			productType = "com.apple.product-type.application";
		};
		8ECB7C0E1C98EBDD00A5F281 /* todayExtensionTests */ = {
			isa = PBXNativeTarget;
			buildConfigurationList = 8ECB7C261C98EBDD00A5F281 /* Build configuration list for PBXNativeTarget "todayExtensionTests" */;
			buildPhases = (
				8ECB7C0B1C98EBDD00A5F281 /* Sources */,
				8ECB7C0C1C98EBDD00A5F281 /* Frameworks */,
				8ECB7C0D1C98EBDD00A5F281 /* Resources */,
			);
			buildRules = (
			);
			dependencies = (
				8ECB7C111C98EBDD00A5F281 /* PBXTargetDependency */,
			);
			name = todayExtensionTests;
			productName = todayExtensionTests;
			productReference = 8ECB7C0F1C98EBDD00A5F281 /* todayExtensionTests.xctest */;
			productType = "com.apple.product-type.bundle.unit-test";
		};
		8ECB7C191C98EBDD00A5F281 /* todayExtensionUITests */ = {
			isa = PBXNativeTarget;
			buildConfigurationList = 8ECB7C291C98EBDD00A5F281 /* Build configuration list for PBXNativeTarget "todayExtensionUITests" */;
			buildPhases = (
				8ECB7C161C98EBDD00A5F281 /* Sources */,
				8ECB7C171C98EBDD00A5F281 /* Frameworks */,
				8ECB7C181C98EBDD00A5F281 /* Resources */,
			);
			buildRules = (
			);
			dependencies = (
				8ECB7C1C1C98EBDD00A5F281 /* PBXTargetDependency */,
			);
			name = todayExtensionUITests;
			productName = todayExtensionUITests;
			productReference = 8ECB7C1A1C98EBDD00A5F281 /* todayExtensionUITests.xctest */;
			productType = "com.apple.product-type.bundle.ui-testing";
		};
/* End PBXNativeTarget section */

/* Begin PBXProject section */
		8ECB7BEB1C98EBDD00A5F281 /* Project object */ = {
			isa = PBXProject;
			attributes = {
				LastUpgradeCheck = 0720;
				ORGANIZATIONNAME = xuqidong;
				TargetAttributes = {
					8ECB7BF21C98EBDD00A5F281 = {
						CreatedOnToolsVersion = 7.2.1;
					};
					8ECB7C0E1C98EBDD00A5F281 = {
						CreatedOnToolsVersion = 7.2.1;
						TestTargetID = 8ECB7BF21C98EBDD00A5F281;
					};
					8ECB7C191C98EBDD00A5F281 = {
						CreatedOnToolsVersion = 7.2.1;
						TestTargetID = 8ECB7BF21C98EBDD00A5F281;
					};
				};
			};
			buildConfigurationList = 8ECB7BEE1C98EBDD00A5F281 /* Build configuration list for PBXProject "todayExtension" */;
			compatibilityVersion = "Xcode 3.2";
			developmentRegion = English;
			hasScannedForEncodings = 0;
			knownRegions = (
				en,
				Base,
			);
			mainGroup = 8ECB7BEA1C98EBDD00A5F281;
			productRefGroup = 8ECB7BF41C98EBDD00A5F281 /* Products */;
			projectDirPath = "";
			projectRoot = "";
			targets = (
				8ECB7BF21C98EBDD00A5F281 /* todayExtension */,
				8ECB7C0E1C98EBDD00A5F281 /* todayExtensionTests */,
				8ECB7C191C98EBDD00A5F281 /* todayExtensionUITests */,
			);
		};
/* End PBXProject section */

/* Begin PBXResourcesBuildPhase section */
		8ECB7BF11C98EBDD00A5F281 /* Resources */ = {
			isa = PBXResourcesBuildPhase;
			buildActionMask = 2147483647;
			files = (
				8ECB7C091C98EBDD00A5F281 /* LaunchScreen.storyboard in Resources */,
				8ECB7C061C98EBDD00A5F281 /* Assets.xcassets in Resources */,
				8ECB7C011C98EBDD00A5F281 /* Main.storyboard in Resources */,
			);
			runOnlyForDeploymentPostprocessing = 0;
		};
		8ECB7C0D1C98EBDD00A5F281 /* Resources */ = {
			isa = PBXResourcesBuildPhase;
			buildActionMask = 2147483647;
			files = (
			);
			runOnlyForDeploymentPostprocessing = 0;
		};
		8ECB7C181C98EBDD00A5F281 /* Resources */ = {
			isa = PBXResourcesBuildPhase;
			buildActionMask = 2147483647;
			files = (
			);
			runOnlyForDeploymentPostprocessing = 0;
		};
/* End PBXResourcesBuildPhase section */

/* Begin PBXSourcesBuildPhase section */
		8ECB7BEF1C98EBDD00A5F281 /* Sources */ = {
			isa = PBXSourcesBuildPhase;
			buildActionMask = 2147483647;
			files = (
				8ECB7BFE1C98EBDD00A5F281 /* ViewController.m in Sources */,
				8ECB7C041C98EBDD00A5F281 /* todayExtension.xcdatamodeld in Sources */,
				8ECB7BFB1C98EBDD00A5F281 /* AppDelegate.m in Sources */,
				8ECB7BF81C98EBDD00A5F281 /* main.m in Sources */,
			);
			runOnlyForDeploymentPostprocessing = 0;
		};
		8ECB7C0B1C98EBDD00A5F281 /* Sources */ = {
			isa = PBXSourcesBuildPhase;
			buildActionMask = 2147483647;
			files = (
				8ECB7C141C98EBDD00A5F281 /* todayExtensionTests.m in Sources */,
			);
			runOnlyForDeploymentPostprocessing = 0;
		};
		8ECB7C161C98EBDD00A5F281 /* Sources */ = {
			isa = PBXSourcesBuildPhase;
			buildActionMask = 2147483647;
			files = (
				8ECB7C1F1C98EBDD00A5F281 /* todayExtensionUITests.m in Sources */,
			);
			runOnlyForDeploymentPostprocessing = 0;
		};
/* End PBXSourcesBuildPhase section */

/* Begin PBXTargetDependency section */
		8ECB7C111C98EBDD00A5F281 /* PBXTargetDependency */ = {
			isa = PBXTargetDependency;
			target = 8ECB7BF21C98EBDD00A5F281 /* todayExtension */;
			targetProxy = 8ECB7C101C98EBDD00A5F281 /* PBXContainerItemProxy */;
		};
		8ECB7C1C1C98EBDD00A5F281 /* PBXTargetDependency */ = {
			isa = PBXTargetDependency;
			target = 8ECB7BF21C98EBDD00A5F281 /* todayExtension */;
			targetProxy = 8ECB7C1B1C98EBDD00A5F281 /* PBXContainerItemProxy */;
		};
/* End PBXTargetDependency section */

/* Begin PBXVariantGroup section */
		8ECB7BFF1C98EBDD00A5F281 /* Main.storyboard */ = {
			isa = PBXVariantGroup;
			children = (
				8ECB7C001C98EBDD00A5F281 /* Base */,
			);
			name = Main.storyboard;
			sourceTree = "<group>";
		};
		8ECB7C071C98EBDD00A5F281 /* LaunchScreen.storyboard */ = {
			isa = PBXVariantGroup;
			children = (
				8ECB7C081C98EBDD00A5F281 /* Base */,
			);
			name = LaunchScreen.storyboard;
			sourceTree = "<group>";
		};
/* End PBXVariantGroup section */

/* Begin XCBuildConfiguration section */
		8ECB7C211C98EBDD00A5F281 /* Debug */ = {
			isa = XCBuildConfiguration;
			buildSettings = {
				ALWAYS_SEARCH_USER_PATHS = NO;
				CLANG_CXX_LANGUAGE_STANDARD = "gnu++0x";
				CLANG_CXX_LIBRARY = "libc++";
				CLANG_ENABLE_MODULES = YES;
				CLANG_ENABLE_OBJC_ARC = YES;
				CLANG_WARN_BOOL_CONVERSION = YES;
				CLANG_WARN_CONSTANT_CONVERSION = YES;
				CLANG_WARN_DIRECT_OBJC_ISA_USAGE = YES_ERROR;
				CLANG_WARN_EMPTY_BODY = YES;
				CLANG_WARN_ENUM_CONVERSION = YES;
				CLANG_WARN_INT_CONVERSION = YES;
				CLANG_WARN_OBJC_ROOT_CLASS = YES_ERROR;
				CLANG_WARN_UNREACHABLE_CODE = YES;
				CLANG_WARN__DUPLICATE_METHOD_MATCH = YES;
				"CODE_SIGN_IDENTITY[sdk=iphoneos*]" = "iPhone Developer";
				COPY_PHASE_STRIP = NO;
				DEBUG_INFORMATION_FORMAT = dwarf;
				ENABLE_STRICT_OBJC_MSGSEND = YES;
				ENABLE_TESTABILITY = YES;
				GCC_C_LANGUAGE_STANDARD = gnu99;
				GCC_DYNAMIC_NO_PIC = NO;
				GCC_NO_COMMON_BLOCKS = YES;
				GCC_OPTIMIZATION_LEVEL = 0;
				GCC_PREPROCESSOR_DEFINITIONS = (
					"DEBUG=1",
					"$(inherited)",
				);
				GCC_WARN_64_TO_32_BIT_CONVERSION = YES;
				GCC_WARN_ABOUT_RETURN_TYPE = YES_ERROR;
				GCC_WARN_UNDECLARED_SELECTOR = YES;
				GCC_WARN_UNINITIALIZED_AUTOS = YES_AGGRESSIVE;
				GCC_WARN_UNUSED_FUNCTION = YES;
				GCC_WARN_UNUSED_VARIABLE = YES;
				IPHONEOS_DEPLOYMENT_TARGET = 9.2;
				MTL_ENABLE_DEBUG_INFO = YES;
				ONLY_ACTIVE_ARCH = YES;
				SDKROOT = iphoneos;
				TARGETED_DEVICE_FAMILY = "1,2";
			};
			name = Debug;
		};
		8ECB7C221C98EBDD00A5F281 /* Release */ = {
			isa = XCBuildConfiguration;
			buildSettings = {
				ALWAYS_SEARCH_USER_PATHS = NO;
				CLANG_CXX_LANGUAGE_STANDARD = "gnu++0x";
				CLANG_CXX_LIBRARY = "libc++";
				CLANG_ENABLE_MODULES = YES;
				CLANG_ENABLE_OBJC_ARC = YES;
				CLANG_WARN_BOOL_CONVERSION = YES;
				CLANG_WARN_CONSTANT_CONVERSION = YES;
				CLANG_WARN_DIRECT_OBJC_ISA_USAGE = YES_ERROR;
				CLANG_WARN_EMPTY_BODY = YES;
				CLANG_WARN_ENUM_CONVERSION = YES;
				CLANG_WARN_INT_CONVERSION = YES;
				CLANG_WARN_OBJC_ROOT_CLASS = YES_ERROR;
				CLANG_WARN_UNREACHABLE_CODE = YES;
				CLANG_WARN__DUPLICATE_METHOD_MATCH = YES;
				"CODE_SIGN_IDENTITY[sdk=iphoneos*]" = "iPhone Developer";
				COPY_PHASE_STRIP = NO;
				DEBUG_INFORMATION_FORMAT = "dwarf-with-dsym";
				ENABLE_NS_ASSERTIONS = NO;
				ENABLE_STRICT_OBJC_MSGSEND = YES;
				GCC_C_LANGUAGE_STANDARD = gnu99;
				GCC_NO_COMMON_BLOCKS = YES;
				GCC_WARN_64_TO_32_BIT_CONVERSION = YES;
				GCC_WARN_ABOUT_RETURN_TYPE = YES_ERROR;
				GCC_WARN_UNDECLARED_SELECTOR = YES;
				GCC_WARN_UNINITIALIZED_AUTOS = YES_AGGRESSIVE;
				GCC_WARN_UNUSED_FUNCTION = YES;
				GCC_WARN_UNUSED_VARIABLE = YES;
				IPHONEOS_DEPLOYMENT_TARGET = 9.2;
				MTL_ENABLE_DEBUG_INFO = NO;
				SDKROOT = iphoneos;
				TARGETED_DEVICE_FAMILY = "1,2";
				VALIDATE_PRODUCT = YES;
			};
			name = Release;
		};
		8ECB7C241C98EBDD00A5F281 /* Debug */ = {
			isa = XCBuildConfiguration;
			buildSettings = {
				ASSETCATALOG_COMPILER_APPICON_NAME = AppIcon;
				INFOPLIST_FILE = todayExtension/Info.plist;
				LD_RUNPATH_SEARCH_PATHS = "$(inherited) @executable_path/Frameworks";
				PRODUCT_BUNDLE_IDENTIFIER = xuqidong.todayExtension;
				PRODUCT_NAME = "$(TARGET_NAME)";
			};
			name = Debug;
		};
		8ECB7C251C98EBDD00A5F281 /* Release */ = {
			isa = XCBuildConfiguration;
			buildSettings = {
				ASSETCATALOG_COMPILER_APPICON_NAME = AppIcon;
				INFOPLIST_FILE = todayExtension/Info.plist;
				LD_RUNPATH_SEARCH_PATHS = "$(inherited) @executable_path/Frameworks";
				PRODUCT_BUNDLE_IDENTIFIER = xuqidong.todayExtension;
				PRODUCT_NAME = "$(TARGET_NAME)";
			};
			name = Release;
		};
		8ECB7C271C98EBDD00A5F281 /* Debug */ = {
			isa = XCBuildConfiguration;
			buildSettings = {
				BUNDLE_LOADER = "$(TEST_HOST)";
				INFOPLIST_FILE = todayExtensionTests/Info.plist;
				LD_RUNPATH_SEARCH_PATHS = "$(inherited) @executable_path/Frameworks @loader_path/Frameworks";
				PRODUCT_BUNDLE_IDENTIFIER = xuqidong.todayExtensionTests;
				PRODUCT_NAME = "$(TARGET_NAME)";
				TEST_HOST = "$(BUILT_PRODUCTS_DIR)/todayExtension.app/todayExtension";
			};
			name = Debug;
		};
		8ECB7C281C98EBDD00A5F281 /* Release */ = {
			isa = XCBuildConfiguration;
			buildSettings = {
				BUNDLE_LOADER = "$(TEST_HOST)";
				INFOPLIST_FILE = todayExtensionTests/Info.plist;
				LD_RUNPATH_SEARCH_PATHS = "$(inherited) @executable_path/Frameworks @loader_path/Frameworks";
				PRODUCT_BUNDLE_IDENTIFIER = xuqidong.todayExtensionTests;
				PRODUCT_NAME = "$(TARGET_NAME)";
				TEST_HOST = "$(BUILT_PRODUCTS_DIR)/todayExtension.app/todayExtension";
			};
			name = Release;
		};
		8ECB7C2A1C98EBDD00A5F281 /* Debug */ = {
			isa = XCBuildConfiguration;
			buildSettings = {
				INFOPLIST_FILE = todayExtensionUITests/Info.plist;
				LD_RUNPATH_SEARCH_PATHS = "$(inherited) @executable_path/Frameworks @loader_path/Frameworks";
				PRODUCT_BUNDLE_IDENTIFIER = xuqidong.todayExtensionUITests;
				PRODUCT_NAME = "$(TARGET_NAME)";
				TEST_TARGET_NAME = todayExtension;
				USES_XCTRUNNER = YES;
			};
			name = Debug;
		};
		8ECB7C2B1C98EBDD00A5F281 /* Release */ = {
			isa = XCBuildConfiguration;
			buildSettings = {
				INFOPLIST_FILE = todayExtensionUITests/Info.plist;
				LD_RUNPATH_SEARCH_PATHS = "$(inherited) @executable_path/Frameworks @loader_path/Frameworks";
				PRODUCT_BUNDLE_IDENTIFIER = xuqidong.todayExtensionUITests;
				PRODUCT_NAME = "$(TARGET_NAME)";
				TEST_TARGET_NAME = todayExtension;
				USES_XCTRUNNER = YES;
			};
			name = Release;
		};
/* End XCBuildConfiguration section */

/* Begin XCConfigurationList section */
		8ECB7BEE1C98EBDD00A5F281 /* Build configuration list for PBXProject "todayExtension" */ = {
			isa = XCConfigurationList;
			buildConfigurations = (
				8ECB7C211C98EBDD00A5F281 /* Debug */,
				8ECB7C221C98EBDD00A5F281 /* Release */,
			);
			defaultConfigurationIsVisible = 0;
			defaultConfigurationName = Release;
		};
		8ECB7C231C98EBDD00A5F281 /* Build configuration list for PBXNativeTarget "todayExtension" */ = {
			isa = XCConfigurationList;
			buildConfigurations = (
				8ECB7C241C98EBDD00A5F281 /* Debug */,
				8ECB7C251C98EBDD00A5F281 /* Release */,
			);
			defaultConfigurationIsVisible = 0;
		};
		8ECB7C261C98EBDD00A5F281 /* Build configuration list for PBXNativeTarget "todayExtensionTests" */ = {
			isa = XCConfigurationList;
			buildConfigurations = (
				8ECB7C271C98EBDD00A5F281 /* Debug */,
				8ECB7C281C98EBDD00A5F281 /* Release */,
			);
			defaultConfigurationIsVisible = 0;
		};
		8ECB7C291C98EBDD00A5F281 /* Build configuration list for PBXNativeTarget "todayExtensionUITests" */ = {
			isa = XCConfigurationList;
			buildConfigurations = (
				8ECB7C2A1C98EBDD00A5F281 /* Debug */,
				8ECB7C2B1C98EBDD00A5F281 /* Release */,
			);
			defaultConfigurationIsVisible = 0;
		};
/* End XCConfigurationList section */

/* Begin XCVersionGroup section */
		8ECB7C021C98EBDD00A5F281 /* todayExtension.xcdatamodeld */ = {
			isa = XCVersionGroup;
			children = (
				8ECB7C031C98EBDD00A5F281 /* todayExtension.xcdatamodel */,
			);
			currentVersion = 8ECB7C031C98EBDD00A5F281 /* todayExtension.xcdatamodel */;
			path = todayExtension.xcdatamodeld;
			sourceTree = "<group>";
			versionGroupType = wrapper.xcdatamodel;
		};
/* End XCVersionGroup section */
	};
	rootObject = 8ECB7BEB1C98EBDD00A5F281 /* Project object */;
}
